
Microsoft Visual Studio Solution File, Format Version 12.00
# Visual Studio Version 17
VisualStudioVersion = 17.10.34928.147
MinimumVisualStudioVersion = 10.0.40219.1
Project("{FAE04EC0-301F-11D3-BF4B-00C04F79EFBC}") = "Algorithms", "Algorithms\Algorithms.csproj", "{BB3540E7-A677-4634-8512-9F6AA1AC78BC}"
EndProject
Global
	GlobalSection(SolutionConfigurationPlatforms) = preSolution
		Debug|Any CPU = Debug|Any CPU
		Release|Any CPU = Release|Any CPU
	EndGlobalSection
	GlobalSection(ProjectConfigurationPlatforms) = postSolution
		{BB3540E7-A677-4634-8512-9F6AA1AC78BC}.Debug|Any CPU.ActiveCfg = Debug|Any CPU
		{BB3540E7-A677-4634-8512-9F6AA1AC78BC}.Debug|Any CPU.Build.0 = Debug|Any CPU
		{BB3540E7-A677-4634-8512-9F6AA1AC78BC}.Release|Any CPU.ActiveCfg = Release|Any CPU
		{BB3540E7-A677-4634-8512-9F6AA1AC78BC}.Release|Any CPU.Build.0 = Release|Any CPU
	EndGlobalSection
	GlobalSection(SolutionProperties) = preSolution
		HideSolutionNode = FALSE
	EndGlobalSection
	GlobalSection(ExtensibilityGlobals) = postSolution
		SolutionGuid = {5C810BF6-4BC9-4BDF-A0E1-03B5AB709E56}
	EndGlobalSection
EndGlobal
